// !$*UTF8*$!
{
	archiveVersion = 1;
	classes = {
	};
	objectVersion = 50;
	objects = {

/* Begin PBXBuildFile section */
		2107DB18219FD2A900817ACC /* SelectPersonViewController.swift in Sources */ = {isa = PBXBuildFile; fileRef = 2107DB17219FD2A900817ACC /* SelectPersonViewController.swift */; };
		2107DB1A219FF1A400817ACC /* Default-568h@2x.png in Resources */ = {isa = PBXBuildFile; fileRef = 2107DB19219FF1A400817ACC /* Default-568h@2x.png */; };
		2107DB1E219FF68600817ACC /* GoogleService-Info.plist in Resources */ = {isa = PBXBuildFile; fileRef = 2107DB1D219FF68500817ACC /* GoogleService-Info.plist */; };
		2107DB2A21A36ABE00817ACC /* BEMAnimationManager.m in Sources */ = {isa = PBXBuildFile; fileRef = 2107DB2321A36ABE00817ACC /* BEMAnimationManager.m */; };
		2107DB2B21A36ABE00817ACC /* BEMPathManager.m in Sources */ = {isa = PBXBuildFile; fileRef = 2107DB2421A36ABE00817ACC /* BEMPathManager.m */; };
		2107DB2C21A36ABE00817ACC /* BEMCheckBoxGroup.m in Sources */ = {isa = PBXBuildFile; fileRef = 2107DB2521A36ABE00817ACC /* BEMCheckBoxGroup.m */; };
		2107DB2D21A36ABE00817ACC /* BEMCheckBox.m in Sources */ = {isa = PBXBuildFile; fileRef = 2107DB2721A36ABE00817ACC /* BEMCheckBox.m */; };
		2107DB3021A8D1FC00817ACC /* MyCustomeData.swift in Sources */ = {isa = PBXBuildFile; fileRef = 2107DB2F21A8D1FC00817ACC /* MyCustomeData.swift */; };
		2107DB3521A8E67E00817ACC /* MyCustomCell.swift in Sources */ = {isa = PBXBuildFile; fileRef = 2107DB3321A8E67E00817ACC /* MyCustomCell.swift */; };
		2107DB3621A8E67E00817ACC /* MyCustomCell.xib in Resources */ = {isa = PBXBuildFile; fileRef = 2107DB3421A8E67E00817ACC /* MyCustomCell.xib */; };
		2107DB3821A90F1A00817ACC /* topImage.jpg in Resources */ = {isa = PBXBuildFile; fileRef = 2107DB3721A90F1A00817ACC /* topImage.jpg */; };
		217F4E97219D9618003F9DCE /* AppDelegate.swift in Sources */ = {isa = PBXBuildFile; fileRef = 217F4E96219D9618003F9DCE /* AppDelegate.swift */; };
		217F4E99219D9618003F9DCE /* LoginViewController.swift in Sources */ = {isa = PBXBuildFile; fileRef = 217F4E98219D9618003F9DCE /* LoginViewController.swift */; };
		217F4E9C219D9618003F9DCE /* Main.storyboard in Resources */ = {isa = PBXBuildFile; fileRef = 217F4E9A219D9618003F9DCE /* Main.storyboard */; };
		217F4E9E219D9623003F9DCE /* Assets.xcassets in Resources */ = {isa = PBXBuildFile; fileRef = 217F4E9D219D9623003F9DCE /* Assets.xcassets */; };
		217F4EA1219D9623003F9DCE /* LaunchScreen.storyboard in Resources */ = {isa = PBXBuildFile; fileRef = 217F4E9F219D9623003F9DCE /* LaunchScreen.storyboard */; };
		21936A7021B36B72005F0E3E /* TopViewController.swift in Sources */ = {isa = PBXBuildFile; fileRef = 21936A6F21B36B72005F0E3E /* TopViewController.swift */; };
		21936A7221B38103005F0E3E /* Post.swift in Sources */ = {isa = PBXBuildFile; fileRef = 21936A7121B38102005F0E3E /* Post.swift */; };
		21936A7821B73313005F0E3E /* humburger.png in Resources */ = {isa = PBXBuildFile; fileRef = 21936A7721B73312005F0E3E /* humburger.png */; };
		21936A7A21B73470005F0E3E /* MenuViewController.swift in Sources */ = {isa = PBXBuildFile; fileRef = 21936A7921B73470005F0E3E /* MenuViewController.swift */; };
		A2028FE321BD15F2003E3018 /* KerningLabel.swift in Sources */ = {isa = PBXBuildFile; fileRef = A2028FE221BD15F2003E3018 /* KerningLabel.swift */; };
		A2028FE521BD16B8003E3018 /* CustomButton.swift in Sources */ = {isa = PBXBuildFile; fileRef = A2028FE421BD16B8003E3018 /* CustomButton.swift */; };
		A239EA9621BD65D300EC8DCF /* favourite_app_icon.json in Resources */ = {isa = PBXBuildFile; fileRef = A239EA9521BD65D300EC8DCF /* favourite_app_icon.json */; };
		A239EA9821BD67CB00EC8DCF /* Favourite.json in Resources */ = {isa = PBXBuildFile; fileRef = A239EA9721BD67CB00EC8DCF /* Favourite.json */; };
		B7EFC15296A4296647F704AE /* Pods_meiCale.framework in Frameworks */ = {isa = PBXBuildFile; fileRef = F686AE20F0BB9A9C3491E0FA /* Pods_meiCale.framework */; };
/* End PBXBuildFile section */

/* Begin PBXFileReference section */
		2107DB17219FD2A900817ACC /* SelectPersonViewController.swift */ = {isa = PBXFileReference; lastKnownFileType = sourcecode.swift; path = SelectPersonViewController.swift; sourceTree = "<group>"; };
		2107DB19219FF1A400817ACC /* Default-568h@2x.png */ = {isa = PBXFileReference; lastKnownFileType = image.png; path = "Default-568h@2x.png"; sourceTree = "<group>"; };
		2107DB1D219FF68500817ACC /* GoogleService-Info.plist */ = {isa = PBXFileReference; fileEncoding = 4; lastKnownFileType = text.plist.xml; path = "GoogleService-Info.plist"; sourceTree = "<group>"; };
		2107DB2221A36ABE00817ACC /* BEMCheckBox.h */ = {isa = PBXFileReference; fileEncoding = 4; lastKnownFileType = sourcecode.c.h; path = BEMCheckBox.h; sourceTree = "<group>"; };
		2107DB2321A36ABE00817ACC /* BEMAnimationManager.m */ = {isa = PBXFileReference; fileEncoding = 4; lastKnownFileType = sourcecode.c.objc; path = BEMAnimationManager.m; sourceTree = "<group>"; };
		2107DB2421A36ABE00817ACC /* BEMPathManager.m */ = {isa = PBXFileReference; fileEncoding = 4; lastKnownFileType = sourcecode.c.objc; path = BEMPathManager.m; sourceTree = "<group>"; };
		2107DB2521A36ABE00817ACC /* BEMCheckBoxGroup.m */ = {isa = PBXFileReference; fileEncoding = 4; lastKnownFileType = sourcecode.c.objc; path = BEMCheckBoxGroup.m; sourceTree = "<group>"; };
		2107DB2621A36ABE00817ACC /* BEMAnimationManager.h */ = {isa = PBXFileReference; fileEncoding = 4; lastKnownFileType = sourcecode.c.h; path = BEMAnimationManager.h; sourceTree = "<group>"; };
		2107DB2721A36ABE00817ACC /* BEMCheckBox.m */ = {isa = PBXFileReference; fileEncoding = 4; lastKnownFileType = sourcecode.c.objc; path = BEMCheckBox.m; sourceTree = "<group>"; };
		2107DB2821A36ABE00817ACC /* BEMPathManager.h */ = {isa = PBXFileReference; fileEncoding = 4; lastKnownFileType = sourcecode.c.h; path = BEMPathManager.h; sourceTree = "<group>"; };
		2107DB2921A36ABE00817ACC /* BEMCheckBoxGroup.h */ = {isa = PBXFileReference; fileEncoding = 4; lastKnownFileType = sourcecode.c.h; path = BEMCheckBoxGroup.h; sourceTree = "<group>"; };
		2107DB2E21A36AF300817ACC /* CheckBEM.h */ = {isa = PBXFileReference; lastKnownFileType = sourcecode.c.h; path = CheckBEM.h; sourceTree = "<group>"; };
		2107DB2F21A8D1FC00817ACC /* MyCustomeData.swift */ = {isa = PBXFileReference; lastKnownFileType = sourcecode.swift; path = MyCustomeData.swift; sourceTree = "<group>"; };
		2107DB3321A8E67E00817ACC /* MyCustomCell.swift */ = {isa = PBXFileReference; lastKnownFileType = sourcecode.swift; path = MyCustomCell.swift; sourceTree = "<group>"; };
		2107DB3421A8E67E00817ACC /* MyCustomCell.xib */ = {isa = PBXFileReference; lastKnownFileType = file.xib; path = MyCustomCell.xib; sourceTree = "<group>"; };
		2107DB3721A90F1A00817ACC /* topImage.jpg */ = {isa = PBXFileReference; lastKnownFileType = image.jpeg; path = topImage.jpg; sourceTree = "<group>"; };
		217F4E93219D9618003F9DCE /* meiCale.app */ = {isa = PBXFileReference; explicitFileType = wrapper.application; includeInIndex = 0; path = meiCale.app; sourceTree = BUILT_PRODUCTS_DIR; };
		217F4E96219D9618003F9DCE /* AppDelegate.swift */ = {isa = PBXFileReference; lastKnownFileType = sourcecode.swift; path = AppDelegate.swift; sourceTree = "<group>"; };
		217F4E98219D9618003F9DCE /* LoginViewController.swift */ = {isa = PBXFileReference; lastKnownFileType = sourcecode.swift; path = LoginViewController.swift; sourceTree = "<group>"; };
		217F4E9B219D9618003F9DCE /* Base */ = {isa = PBXFileReference; lastKnownFileType = file.storyboard; name = Base; path = Base.lproj/Main.storyboard; sourceTree = "<group>"; };
		217F4E9D219D9623003F9DCE /* Assets.xcassets */ = {isa = PBXFileReference; lastKnownFileType = folder.assetcatalog; path = Assets.xcassets; sourceTree = "<group>"; };
		217F4EA0219D9623003F9DCE /* Base */ = {isa = PBXFileReference; lastKnownFileType = file.storyboard; name = Base; path = Base.lproj/LaunchScreen.storyboard; sourceTree = "<group>"; };
		217F4EA2219D9623003F9DCE /* Info.plist */ = {isa = PBXFileReference; lastKnownFileType = text.plist.xml; path = Info.plist; sourceTree = "<group>"; };
		21936A6F21B36B72005F0E3E /* TopViewController.swift */ = {isa = PBXFileReference; lastKnownFileType = sourcecode.swift; path = TopViewController.swift; sourceTree = "<group>"; };
		21936A7121B38102005F0E3E /* Post.swift */ = {isa = PBXFileReference; fileEncoding = 4; lastKnownFileType = sourcecode.swift; path = Post.swift; sourceTree = "<group>"; };
		21936A7721B73312005F0E3E /* humburger.png */ = {isa = PBXFileReference; lastKnownFileType = image.png; path = humburger.png; sourceTree = "<group>"; };
		21936A7921B73470005F0E3E /* MenuViewController.swift */ = {isa = PBXFileReference; lastKnownFileType = sourcecode.swift; path = MenuViewController.swift; sourceTree = "<group>"; };
		693FDAAA1B7FA8ADBCF8C721 /* Pods-meiCale.release.xcconfig */ = {isa = PBXFileReference; includeInIndex = 1; lastKnownFileType = text.xcconfig; name = "Pods-meiCale.release.xcconfig"; path = "Pods/Target Support Files/Pods-meiCale/Pods-meiCale.release.xcconfig"; sourceTree = "<group>"; };
		8A541A2CFB66C4A93E0C7356 /* Pods-meiCale.debug.xcconfig */ = {isa = PBXFileReference; includeInIndex = 1; lastKnownFileType = text.xcconfig; name = "Pods-meiCale.debug.xcconfig"; path = "Pods/Target Support Files/Pods-meiCale/Pods-meiCale.debug.xcconfig"; sourceTree = "<group>"; };
		A2028FE221BD15F2003E3018 /* KerningLabel.swift */ = {isa = PBXFileReference; lastKnownFileType = sourcecode.swift; path = KerningLabel.swift; sourceTree = "<group>"; };
		A2028FE421BD16B8003E3018 /* CustomButton.swift */ = {isa = PBXFileReference; lastKnownFileType = sourcecode.swift; path = CustomButton.swift; sourceTree = "<group>"; };
		A239EA9521BD65D300EC8DCF /* favourite_app_icon.json */ = {isa = PBXFileReference; fileEncoding = 4; lastKnownFileType = text.json; path = favourite_app_icon.json; sourceTree = "<group>"; };
		A239EA9721BD67CB00EC8DCF /* Favourite.json */ = {isa = PBXFileReference; fileEncoding = 4; lastKnownFileType = text.json; name = Favourite.json; path = ../../../Downloads/favourite_star/Favourite.json; sourceTree = "<group>"; };
		F686AE20F0BB9A9C3491E0FA /* Pods_meiCale.framework */ = {isa = PBXFileReference; explicitFileType = wrapper.framework; includeInIndex = 0; path = Pods_meiCale.framework; sourceTree = BUILT_PRODUCTS_DIR; };
/* End PBXFileReference section */

/* Begin PBXFrameworksBuildPhase section */
		217F4E90219D9618003F9DCE /* Frameworks */ = {
			isa = PBXFrameworksBuildPhase;
			buildActionMask = 2147483647;
			files = (
				B7EFC15296A4296647F704AE /* Pods_meiCale.framework in Frameworks */,
			);
			runOnlyForDeploymentPostprocessing = 0;
		};
/* End PBXFrameworksBuildPhase section */

/* Begin PBXGroup section */
		2107DB2121A36ABE00817ACC /* Classes */ = {
			isa = PBXGroup;
			children = (
				2107DB2221A36ABE00817ACC /* BEMCheckBox.h */,
				2107DB2321A36ABE00817ACC /* BEMAnimationManager.m */,
				2107DB2421A36ABE00817ACC /* BEMPathManager.m */,
				2107DB2521A36ABE00817ACC /* BEMCheckBoxGroup.m */,
				2107DB2621A36ABE00817ACC /* BEMAnimationManager.h */,
				2107DB2721A36ABE00817ACC /* BEMCheckBox.m */,
				2107DB2821A36ABE00817ACC /* BEMPathManager.h */,
				2107DB2921A36ABE00817ACC /* BEMCheckBoxGroup.h */,
			);
			path = Classes;
			sourceTree = "<group>";
		};
		217F4E8A219D9617003F9DCE = {
			isa = PBXGroup;
			children = (
				A2028FE221BD15F2003E3018 /* KerningLabel.swift */,
				2107DB19219FF1A400817ACC /* Default-568h@2x.png */,
				217F4E95219D9618003F9DCE /* meiCale */,
				217F4E94219D9618003F9DCE /* Products */,
				9CDF1821F034EBF3E5B5A6D8 /* Pods */,
				C9DB572A4F4AAF5407B109AF /* Frameworks */,
			);
			sourceTree = "<group>";
		};
		217F4E94219D9618003F9DCE /* Products */ = {
			isa = PBXGroup;
			children = (
				217F4E93219D9618003F9DCE /* meiCale.app */,
			);
			name = Products;
			sourceTree = "<group>";
		};
		217F4E95219D9618003F9DCE /* meiCale */ = {
			isa = PBXGroup;
			children = (
				2107DB2121A36ABE00817ACC /* Classes */,
				217F4E96219D9618003F9DCE /* AppDelegate.swift */,
				217F4E98219D9618003F9DCE /* LoginViewController.swift */,
				2107DB17219FD2A900817ACC /* SelectPersonViewController.swift */,
				2107DB2F21A8D1FC00817ACC /* MyCustomeData.swift */,
				21936A7121B38102005F0E3E /* Post.swift */,
				21936A6F21B36B72005F0E3E /* TopViewController.swift */,
				2107DB3321A8E67E00817ACC /* MyCustomCell.swift */,
				21936A7921B73470005F0E3E /* MenuViewController.swift */,
				A239EA9521BD65D300EC8DCF /* favourite_app_icon.json */,
				A239EA9721BD67CB00EC8DCF /* Favourite.json */,
				2107DB3421A8E67E00817ACC /* MyCustomCell.xib */,
				2107DB2E21A36AF300817ACC /* CheckBEM.h */,
				2107DB3721A90F1A00817ACC /* topImage.jpg */,
				217F4E9A219D9618003F9DCE /* Main.storyboard */,
				A2028FE421BD16B8003E3018 /* CustomButton.swift */,
				21936A7721B73312005F0E3E /* humburger.png */,
				217F4E9D219D9623003F9DCE /* Assets.xcassets */,
				217F4E9F219D9623003F9DCE /* LaunchScreen.storyboard */,
				2107DB1D219FF68500817ACC /* GoogleService-Info.plist */,
				217F4EA2219D9623003F9DCE /* Info.plist */,
			);
			path = meiCale;
			sourceTree = "<group>";
		};
		9CDF1821F034EBF3E5B5A6D8 /* Pods */ = {
			isa = PBXGroup;
			children = (
				8A541A2CFB66C4A93E0C7356 /* Pods-meiCale.debug.xcconfig */,
				693FDAAA1B7FA8ADBCF8C721 /* Pods-meiCale.release.xcconfig */,
			);
			name = Pods;
			sourceTree = "<group>";
		};
		C9DB572A4F4AAF5407B109AF /* Frameworks */ = {
			isa = PBXGroup;
			children = (
				F686AE20F0BB9A9C3491E0FA /* Pods_meiCale.framework */,
			);
			name = Frameworks;
			sourceTree = "<group>";
		};
/* End PBXGroup section */

/* Begin PBXNativeTarget section */
		217F4E92219D9618003F9DCE /* meiCale */ = {
			isa = PBXNativeTarget;
			buildConfigurationList = 217F4EA5219D9623003F9DCE /* Build configuration list for PBXNativeTarget "meiCale" */;
			buildPhases = (
				E84A1B55D687B9F10AA5D4DE /* [CP] Check Pods Manifest.lock */,
				217F4E8F219D9618003F9DCE /* Sources */,
				217F4E90219D9618003F9DCE /* Frameworks */,
				217F4E91219D9618003F9DCE /* Resources */,
				A2966CFAD94E8D6290ACE707 /* [CP] Embed Pods Frameworks */,
				3D29A277930E0B935E71537F /* [CP] Copy Pods Resources */,
			);
			buildRules = (
			);
			dependencies = (
			);
			name = meiCale;
			productName = meiCale;
			productReference = 217F4E93219D9618003F9DCE /* meiCale.app */;
			productType = "com.apple.product-type.application";
		};
/* End PBXNativeTarget section */

/* Begin PBXProject section */
		217F4E8B219D9617003F9DCE /* Project object */ = {
			isa = PBXProject;
			attributes = {
				LastSwiftUpdateCheck = 0940;
				LastUpgradeCheck = 0940;
				ORGANIZATIONNAME = "Shunsuke Ueyama";
				TargetAttributes = {
					217F4E92219D9618003F9DCE = {
						CreatedOnToolsVersion = 9.4.1;
					};
				};
			};
			buildConfigurationList = 217F4E8E219D9617003F9DCE /* Build configuration list for PBXProject "meiCale" */;
			compatibilityVersion = "Xcode 9.3";
			developmentRegion = en;
			hasScannedForEncodings = 0;
			knownRegions = (
				en,
				Base,
			);
			mainGroup = 217F4E8A219D9617003F9DCE;
			productRefGroup = 217F4E94219D9618003F9DCE /* Products */;
			projectDirPath = "";
			projectRoot = "";
			targets = (
				217F4E92219D9618003F9DCE /* meiCale */,
			);
		};
/* End PBXProject section */

/* Begin PBXResourcesBuildPhase section */
		217F4E91219D9618003F9DCE /* Resources */ = {
			isa = PBXResourcesBuildPhase;
			buildActionMask = 2147483647;
			files = (
				217F4EA1219D9623003F9DCE /* LaunchScreen.storyboard in Resources */,
				21936A7821B73313005F0E3E /* humburger.png in Resources */,
				A239EA9621BD65D300EC8DCF /* favourite_app_icon.json in Resources */,
				A239EA9821BD67CB00EC8DCF /* Favourite.json in Resources */,
				2107DB1A219FF1A400817ACC /* Default-568h@2x.png in Resources */,
				2107DB1E219FF68600817ACC /* GoogleService-Info.plist in Resources */,
				2107DB3821A90F1A00817ACC /* topImage.jpg in Resources */,
				217F4E9E219D9623003F9DCE /* Assets.xcassets in Resources */,
				2107DB3621A8E67E00817ACC /* MyCustomCell.xib in Resources */,
				217F4E9C219D9618003F9DCE /* Main.storyboard in Resources */,
			);
			runOnlyForDeploymentPostprocessing = 0;
		};
/* End PBXResourcesBuildPhase section */

/* Begin PBXShellScriptBuildPhase section */
		3D29A277930E0B935E71537F /* [CP] Copy Pods Resources */ = {
			isa = PBXShellScriptBuildPhase;
			buildActionMask = 2147483647;
			files = (
			);
			inputPaths = (
				"${SRCROOT}/Pods/Target Support Files/Pods-meiCale/Pods-meiCale-resources.sh",
				"${PODS_ROOT}/TwitterKit/iOS/TwitterKit.framework/TwitterKitResources.bundle",
			);
			name = "[CP] Copy Pods Resources";
			outputPaths = (
				"${TARGET_BUILD_DIR}/${UNLOCALIZED_RESOURCES_FOLDER_PATH}/TwitterKitResources.bundle",
			);
			runOnlyForDeploymentPostprocessing = 0;
			shellPath = /bin/sh;
			shellScript = "\"${SRCROOT}/Pods/Target Support Files/Pods-meiCale/Pods-meiCale-resources.sh\"\n";
			showEnvVarsInLog = 0;
		};
		A2966CFAD94E8D6290ACE707 /* [CP] Embed Pods Frameworks */ = {
			isa = PBXShellScriptBuildPhase;
			buildActionMask = 2147483647;
			files = (
			);
			inputPaths = (
				"${SRCROOT}/Pods/Target Support Files/Pods-meiCale/Pods-meiCale-frameworks.sh",
				"${BUILT_PRODUCTS_DIR}/BoringSSL/openssl.framework",
				"${BUILT_PRODUCTS_DIR}/DropdownMenu/DropdownMenu.framework",
				"${BUILT_PRODUCTS_DIR}/GoogleUtilities/GoogleUtilities.framework",
				"${BUILT_PRODUCTS_DIR}/Protobuf/Protobuf.framework",
				"${BUILT_PRODUCTS_DIR}/SDWebImage/SDWebImage.framework",
				"${PODS_ROOT}/TwitterCore/iOS/TwitterCore.framework",
				"${PODS_ROOT}/TwitterKit/iOS/TwitterKit.framework",
				"${BUILT_PRODUCTS_DIR}/gRPC/GRPCClient.framework",
				"${BUILT_PRODUCTS_DIR}/gRPC-C++/grpcpp.framework",
				"${BUILT_PRODUCTS_DIR}/gRPC-Core/grpc.framework",
				"${BUILT_PRODUCTS_DIR}/gRPC-ProtoRPC/ProtoRPC.framework",
				"${BUILT_PRODUCTS_DIR}/gRPC-RxLibrary/RxLibrary.framework",
				"${BUILT_PRODUCTS_DIR}/leveldb-library/leveldb.framework",
				"${BUILT_PRODUCTS_DIR}/lottie-ios/Lottie.framework",
				"${BUILT_PRODUCTS_DIR}/nanopb/nanopb.framework",
			);
			name = "[CP] Embed Pods Frameworks";
			outputPaths = (
				"${TARGET_BUILD_DIR}/${FRAMEWORKS_FOLDER_PATH}/openssl.framework",
				"${TARGET_BUILD_DIR}/${FRAMEWORKS_FOLDER_PATH}/DropdownMenu.framework",
				"${TARGET_BUILD_DIR}/${FRAMEWORKS_FOLDER_PATH}/GoogleUtilities.framework",
				"${TARGET_BUILD_DIR}/${FRAMEWORKS_FOLDER_PATH}/Protobuf.framework",
				"${TARGET_BUILD_DIR}/${FRAMEWORKS_FOLDER_PATH}/SDWebImage.framework",
				"${TARGET_BUILD_DIR}/${FRAMEWORKS_FOLDER_PATH}/TwitterCore.framework",
				"${TARGET_BUILD_DIR}/${FRAMEWORKS_FOLDER_PATH}/TwitterKit.framework",
				"${TARGET_BUILD_DIR}/${FRAMEWORKS_FOLDER_PATH}/GRPCClient.framework",
				"${TARGET_BUILD_DIR}/${FRAMEWORKS_FOLDER_PATH}/grpcpp.framework",
				"${TARGET_BUILD_DIR}/${FRAMEWORKS_FOLDER_PATH}/grpc.framework",
				"${TARGET_BUILD_DIR}/${FRAMEWORKS_FOLDER_PATH}/ProtoRPC.framework",
				"${TARGET_BUILD_DIR}/${FRAMEWORKS_FOLDER_PATH}/RxLibrary.framework",
				"${TARGET_BUILD_DIR}/${FRAMEWORKS_FOLDER_PATH}/leveldb.framework",
				"${TARGET_BUILD_DIR}/${FRAMEWORKS_FOLDER_PATH}/Lottie.framework",
				"${TARGET_BUILD_DIR}/${FRAMEWORKS_FOLDER_PATH}/nanopb.framework",
			);
			runOnlyForDeploymentPostprocessing = 0;
			shellPath = /bin/sh;
			shellScript = "\"${SRCROOT}/Pods/Target Support Files/Pods-meiCale/Pods-meiCale-frameworks.sh\"\n";
			showEnvVarsInLog = 0;
		};
		E84A1B55D687B9F10AA5D4DE /* [CP] Check Pods Manifest.lock */ = {
			isa = PBXShellScriptBuildPhase;
			buildActionMask = 2147483647;
			files = (
			);
			inputPaths = (
				"${PODS_PODFILE_DIR_PATH}/Podfile.lock",
				"${PODS_ROOT}/Manifest.lock",
			);
			name = "[CP] Check Pods Manifest.lock";
			outputPaths = (
				"$(DERIVED_FILE_DIR)/Pods-meiCale-checkManifestLockResult.txt",
			);
			runOnlyForDeploymentPostprocessing = 0;
			shellPath = /bin/sh;
			shellScript = "diff \"${PODS_PODFILE_DIR_PATH}/Podfile.lock\" \"${PODS_ROOT}/Manifest.lock\" > /dev/null\nif [ $? != 0 ] ; then\n    # print error to STDERR\n    echo \"error: The sandbox is not in sync with the Podfile.lock. Run 'pod install' or update your CocoaPods installation.\" >&2\n    exit 1\nfi\n# This output is used by Xcode 'outputs' to avoid re-running this script phase.\necho \"SUCCESS\" > \"${SCRIPT_OUTPUT_FILE_0}\"\n";
			showEnvVarsInLog = 0;
		};
/* End PBXShellScriptBuildPhase section */

/* Begin PBXSourcesBuildPhase section */
		217F4E8F219D9618003F9DCE /* Sources */ = {
			isa = PBXSourcesBuildPhase;
			buildActionMask = 2147483647;
			files = (
				2107DB3521A8E67E00817ACC /* MyCustomCell.swift in Sources */,
				21936A7221B38103005F0E3E /* Post.swift in Sources */,
				21936A7A21B73470005F0E3E /* MenuViewController.swift in Sources */,
				2107DB2B21A36ABE00817ACC /* BEMPathManager.m in Sources */,
				A2028FE521BD16B8003E3018 /* CustomButton.swift in Sources */,
				2107DB2D21A36ABE00817ACC /* BEMCheckBox.m in Sources */,
				2107DB18219FD2A900817ACC /* SelectPersonViewController.swift in Sources */,
				21936A7021B36B72005F0E3E /* TopViewController.swift in Sources */,
				217F4E99219D9618003F9DCE /* LoginViewController.swift in Sources */,
				A2028FE321BD15F2003E3018 /* KerningLabel.swift in Sources */,
				2107DB2C21A36ABE00817ACC /* BEMCheckBoxGroup.m in Sources */,
				217F4E97219D9618003F9DCE /* AppDelegate.swift in Sources */,
				2107DB3021A8D1FC00817ACC /* MyCustomeData.swift in Sources */,
				2107DB2A21A36ABE00817ACC /* BEMAnimationManager.m in Sources */,
			);
			runOnlyForDeploymentPostprocessing = 0;
		};
/* End PBXSourcesBuildPhase section */

/* Begin PBXVariantGroup section */
		217F4E9A219D9618003F9DCE /* Main.storyboard */ = {
			isa = PBXVariantGroup;
			children = (
				217F4E9B219D9618003F9DCE /* Base */,
			);
			name = Main.storyboard;
			sourceTree = "<group>";
		};
		217F4E9F219D9623003F9DCE /* LaunchScreen.storyboard */ = {
			isa = PBXVariantGroup;
			children = (
				217F4EA0219D9623003F9DCE /* Base */,
			);
			name = LaunchScreen.storyboard;
			sourceTree = "<group>";
		};
/* End PBXVariantGroup section */

/* Begin XCBuildConfiguration section */
		217F4EA3219D9623003F9DCE /* Debug */ = {
			isa = XCBuildConfiguration;
			buildSettings = {
				ALWAYS_SEARCH_USER_PATHS = NO;
				CLANG_ANALYZER_NONNULL = YES;
				CLANG_ANALYZER_NUMBER_OBJECT_CONVERSION = YES_AGGRESSIVE;
				CLANG_CXX_LANGUAGE_STANDARD = "gnu++14";
				CLANG_CXX_LIBRARY = "libc++";
				CLANG_ENABLE_MODULES = YES;
				CLANG_ENABLE_OBJC_ARC = YES;
				CLANG_ENABLE_OBJC_WEAK = YES;
				CLANG_WARN_BLOCK_CAPTURE_AUTORELEASING = YES;
				CLANG_WARN_BOOL_CONVERSION = YES;
				CLANG_WARN_COMMA = YES;
				CLANG_WARN_CONSTANT_CONVERSION = YES;
				CLANG_WARN_DEPRECATED_OBJC_IMPLEMENTATIONS = YES;
				CLANG_WARN_DIRECT_OBJC_ISA_USAGE = YES_ERROR;
				CLANG_WARN_DOCUMENTATION_COMMENTS = YES;
				CLANG_WARN_EMPTY_BODY = YES;
				CLANG_WARN_ENUM_CONVERSION = YES;
				CLANG_WARN_INFINITE_RECURSION = YES;
				CLANG_WARN_INT_CONVERSION = YES;
				CLANG_WARN_NON_LITERAL_NULL_CONVERSION = YES;
				CLANG_WARN_OBJC_IMPLICIT_RETAIN_SELF = YES;
				CLANG_WARN_OBJC_LITERAL_CONVERSION = YES;
				CLANG_WARN_OBJC_ROOT_CLASS = YES_ERROR;
				CLANG_WARN_RANGE_LOOP_ANALYSIS = YES;
				CLANG_WARN_STRICT_PROTOTYPES = YES;
				CLANG_WARN_SUSPICIOUS_MOVE = YES;
				CLANG_WARN_UNGUARDED_AVAILABILITY = YES_AGGRESSIVE;
				CLANG_WARN_UNREACHABLE_CODE = YES;
				CLANG_WARN__DUPLICATE_METHOD_MATCH = YES;
				CODE_SIGN_IDENTITY = "iPhone Developer";
				COPY_PHASE_STRIP = NO;
				DEBUG_INFORMATION_FORMAT = dwarf;
				ENABLE_STRICT_OBJC_MSGSEND = YES;
				ENABLE_TESTABILITY = YES;
				GCC_C_LANGUAGE_STANDARD = gnu11;
				GCC_DYNAMIC_NO_PIC = NO;
				GCC_NO_COMMON_BLOCKS = YES;
				GCC_OPTIMIZATION_LEVEL = 0;
				GCC_PREPROCESSOR_DEFINITIONS = (
					"DEBUG=1",
					"$(inherited)",
				);
				GCC_WARN_64_TO_32_BIT_CONVERSION = YES;
				GCC_WARN_ABOUT_RETURN_TYPE = YES_ERROR;
				GCC_WARN_UNDECLARED_SELECTOR = YES;
				GCC_WARN_UNINITIALIZED_AUTOS = YES_AGGRESSIVE;
				GCC_WARN_UNUSED_FUNCTION = YES;
				GCC_WARN_UNUSED_VARIABLE = YES;
				IPHONEOS_DEPLOYMENT_TARGET = 11.4;
				MTL_ENABLE_DEBUG_INFO = YES;
				ONLY_ACTIVE_ARCH = YES;
				SDKROOT = iphoneos;
				SWIFT_ACTIVE_COMPILATION_CONDITIONS = DEBUG;
				SWIFT_OPTIMIZATION_LEVEL = "-Onone";
			};
			name = Debug;
		};
		217F4EA4219D9623003F9DCE /* Release */ = {
			isa = XCBuildConfiguration;
			buildSettings = {
				ALWAYS_SEARCH_USER_PATHS = NO;
				CLANG_ANALYZER_NONNULL = YES;
				CLANG_ANALYZER_NUMBER_OBJECT_CONVERSION = YES_AGGRESSIVE;
				CLANG_CXX_LANGUAGE_STANDARD = "gnu++14";
				CLANG_CXX_LIBRARY = "libc++";
				CLANG_ENABLE_MODULES = YES;
				CLANG_ENABLE_OBJC_ARC = YES;
				CLANG_ENABLE_OBJC_WEAK = YES;
				CLANG_WARN_BLOCK_CAPTURE_AUTORELEASING = YES;
				CLANG_WARN_BOOL_CONVERSION = YES;
				CLANG_WARN_COMMA = YES;
				CLANG_WARN_CONSTANT_CONVERSION = YES;
				CLANG_WARN_DEPRECATED_OBJC_IMPLEMENTATIONS = YES;
				CLANG_WARN_DIRECT_OBJC_ISA_USAGE = YES_ERROR;
				CLANG_WARN_DOCUMENTATION_COMMENTS = YES;
				CLANG_WARN_EMPTY_BODY = YES;
				CLANG_WARN_ENUM_CONVERSION = YES;
				CLANG_WARN_INFINITE_RECURSION = YES;
				CLANG_WARN_INT_CONVERSION = YES;
				CLANG_WARN_NON_LITERAL_NULL_CONVERSION = YES;
				CLANG_WARN_OBJC_IMPLICIT_RETAIN_SELF = YES;
				CLANG_WARN_OBJC_LITERAL_CONVERSION = YES;
				CLANG_WARN_OBJC_ROOT_CLASS = YES_ERROR;
				CLANG_WARN_RANGE_LOOP_ANALYSIS = YES;
				CLANG_WARN_STRICT_PROTOTYPES = YES;
				CLANG_WARN_SUSPICIOUS_MOVE = YES;
				CLANG_WARN_UNGUARDED_AVAILABILITY = YES_AGGRESSIVE;
				CLANG_WARN_UNREACHABLE_CODE = YES;
				CLANG_WARN__DUPLICATE_METHOD_MATCH = YES;
				CODE_SIGN_IDENTITY = "iPhone Developer";
				COPY_PHASE_STRIP = NO;
				DEBUG_INFORMATION_FORMAT = "dwarf-with-dsym";
				ENABLE_NS_ASSERTIONS = NO;
				ENABLE_STRICT_OBJC_MSGSEND = YES;
				GCC_C_LANGUAGE_STANDARD = gnu11;
				GCC_NO_COMMON_BLOCKS = YES;
				GCC_WARN_64_TO_32_BIT_CONVERSION = YES;
				GCC_WARN_ABOUT_RETURN_TYPE = YES_ERROR;
				GCC_WARN_UNDECLARED_SELECTOR = YES;
				GCC_WARN_UNINITIALIZED_AUTOS = YES_AGGRESSIVE;
				GCC_WARN_UNUSED_FUNCTION = YES;
				GCC_WARN_UNUSED_VARIABLE = YES;
				IPHONEOS_DEPLOYMENT_TARGET = 11.4;
				MTL_ENABLE_DEBUG_INFO = NO;
				SDKROOT = iphoneos;
				SWIFT_COMPILATION_MODE = wholemodule;
				SWIFT_OPTIMIZATION_LEVEL = "-O";
				VALIDATE_PRODUCT = YES;
			};
			name = Release;
		};
		217F4EA6219D9623003F9DCE /* Debug */ = {
			isa = XCBuildConfiguration;
			baseConfigurationReference = 8A541A2CFB66C4A93E0C7356 /* Pods-meiCale.debug.xcconfig */;
			buildSettings = {
				ASSETCATALOG_COMPILER_APPICON_NAME = AppIcon;
				CODE_SIGN_STYLE = Automatic;
				DEVELOPMENT_TEAM = 8P4PHY98KQ;
				INFOPLIST_FILE = meiCale/Info.plist;
				LD_RUNPATH_SEARCH_PATHS = (
					"$(inherited)",
					"@executable_path/Frameworks",
				);
				PRODUCT_BUNDLE_IDENTIFIER = com.littletips.meiCale;
				PRODUCT_NAME = "$(TARGET_NAME)";
				SWIFT_OBJC_BRIDGING_HEADER = meiCale/CheckBEM.h;
				SWIFT_VERSION = 4.0;
				TARGETED_DEVICE_FAMILY = "1,2";
			};
			name = Debug;
		};
		217F4EA7219D9623003F9DCE /* Release */ = {
			isa = XCBuildConfiguration;
			baseConfigurationReference = 693FDAAA1B7FA8ADBCF8C721 /* Pods-meiCale.release.xcconfig */;
			buildSettings = {
				ASSETCATALOG_COMPILER_APPICON_NAME = AppIcon;
				CODE_SIGN_STYLE = Automatic;
				DEVELOPMENT_TEAM = 8P4PHY98KQ;
				INFOPLIST_FILE = meiCale/Info.plist;
				LD_RUNPATH_SEARCH_PATHS = (
					"$(inherited)",
					"@executable_path/Frameworks",
				);
				PRODUCT_BUNDLE_IDENTIFIER = com.littletips.meiCale;
				PRODUCT_NAME = "$(TARGET_NAME)";
				SWIFT_OBJC_BRIDGING_HEADER = meiCale/CheckBEM.h;
				SWIFT_VERSION = 4.0;
				TARGETED_DEVICE_FAMILY = "1,2";
			};
			name = Release;
		};
/* End XCBuildConfiguration section */

/* Begin XCConfigurationList section */
		217F4E8E219D9617003F9DCE /* Build configuration list for PBXProject "meiCale" */ = {
			isa = XCConfigurationList;
			buildConfigurations = (
				217F4EA3219D9623003F9DCE /* Debug */,
				217F4EA4219D9623003F9DCE /* Release */,
			);
			defaultConfigurationIsVisible = 0;
			defaultConfigurationName = Release;
		};
		217F4EA5219D9623003F9DCE /* Build configuration list for PBXNativeTarget "meiCale" */ = {
			isa = XCConfigurationList;
			buildConfigurations = (
				217F4EA6219D9623003F9DCE /* Debug */,
				217F4EA7219D9623003F9DCE /* Release */,
			);
			defaultConfigurationIsVisible = 0;
			defaultConfigurationName = Release;
		};
/* End XCConfigurationList section */
	};
	rootObject = 217F4E8B219D9617003F9DCE /* Project object */;
}
